
Microsoft Visual Studio Solution File, Format Version 12.00
Project("{FAE04EC0-301F-11D3-BF4B-00C04F79EFBC}") = "Symple", "Symple\Symple.csproj", "{86ACA63C-6055-4450-ADFE-D68BBB16F878}"
EndProject
Project("{2150E333-8FDC-42A3-9474-1A3956D46DE8}") = "_MyHomeWorks", "_MyHomeWorks", "{B3C4DA99-7B9A-49AC-8B4B-751C2FAA2FF1}"
EndProject
Project("{2150E333-8FDC-42A3-9474-1A3956D46DE8}") = "Урок №11 Програмування з конструкцією switch", "Урок №11 Програмування з конструкцією switch", "{9DB9FE1A-8B74-426B-B4A2-7B81F2C1FA07}"
EndProject
Project("{2150E333-8FDC-42A3-9474-1A3956D46DE8}") = "Урок №12 Керування вибором через switch-case.", "Урок №12 Керування вибором через switch-case.", "{9CBF1B47-EDFB-4418-8FD8-AEF54EF4AE7D}"
EndProject
Project("{FAE04EC0-301F-11D3-BF4B-00C04F79EFBC}") = "RandomStudent", "RandomStudent\RandomStudent.csproj", "{01212A4F-08BF-4776-B941-590C5DEB8F3D}"
EndProject
Project("{2150E333-8FDC-42A3-9474-1A3956D46DE8}") = "Урок №7 Порівняльні оператори.", "Урок №7 Порівняльні оператори.", "{D2BB4701-14FD-412B-B7D4-D6D0969A47C7}"
	ProjectSection(SolutionItems) = preProject
		_MyHomeWorks\Урок №7 Порівняльні оператори\Урок №7 Порівняльні оператори.MD = _MyHomeWorks\Урок №7 Порівняльні оператори\Урок №7 Порівняльні оператори.MD
	EndProjectSection
EndProject
Project("{FAE04EC0-301F-11D3-BF4B-00C04F79EFBC}") = "Lesson_11_01", "_MyHomeWorks\Урок №11 Програмування з конструкцією switch\Lesson_11_01\Lesson_11_01.csproj", "{CEE0186B-D7C4-4C56-9381-0904EA69C353}"
EndProject
Project("{FAE04EC0-301F-11D3-BF4B-00C04F79EFBC}") = "Lesson_11_02", "_MyHomeWorks\Урок №11 Програмування з конструкцією switch\Lesson_11_02\Lesson_11_02.csproj", "{A94D4266-732F-4890-B11E-E15E531991A1}"
EndProject
Project("{FAE04EC0-301F-11D3-BF4B-00C04F79EFBC}") = "Lesson_11_03", "_MyHomeWorks\Урок №11 Програмування з конструкцією switch\Lesson_11_03\Lesson_11_03.csproj", "{C7863330-4EDE-4B65-86B8-D3AFCF1F8ED6}"
EndProject
Project("{FAE04EC0-301F-11D3-BF4B-00C04F79EFBC}") = "Lesson_11_04", "_MyHomeWorks\Урок №11 Програмування з конструкцією switch\Lesson_11_04\Lesson_11_04.csproj", "{DF70DE23-6DD9-45AC-AEA0-71E3368A6ED6}"
EndProject
Project("{FAE04EC0-301F-11D3-BF4B-00C04F79EFBC}") = "Lesson_11_05", "_MyHomeWorks\Урок №11 Програмування з конструкцією switch\Lesson_11_05\Lesson_11_05.csproj", "{61A660C1-D90D-4E16-AC13-479FE4ECDD73}"
EndProject
Project("{FAE04EC0-301F-11D3-BF4B-00C04F79EFBC}") = "Lesson_11_06", "_MyHomeWorks\Урок №11 Програмування з конструкцією switch\Lesson_11_06\Lesson_11_06.csproj", "{BAB57CA8-DC9D-47E4-B751-8377327B1DC3}"
EndProject
Project("{FAE04EC0-301F-11D3-BF4B-00C04F79EFBC}") = "Lesson_11_07", "_MyHomeWorks\Урок №11 Програмування з конструкцією switch\Lesson_11_07\Lesson_11_07.csproj", "{2A924194-52C2-4107-9DEB-6322EFE801C7}"
EndProject
Project("{FAE04EC0-301F-11D3-BF4B-00C04F79EFBC}") = "Lesson_11_08", "_MyHomeWorks\Урок №11 Програмування з конструкцією switch\Lesson_11_08\Lesson_11_08.csproj", "{D3B697F7-DDE5-4CF6-A0D5-DEF8822E2110}"
EndProject
Project("{FAE04EC0-301F-11D3-BF4B-00C04F79EFBC}") = "Lesson_11_09", "_MyHomeWorks\Урок №11 Програмування з конструкцією switch\Lesson_11_09\Lesson_11_09.csproj", "{A595329A-D1DD-4AED-B4C3-B81EF93E0017}"
EndProject
Project("{FAE04EC0-301F-11D3-BF4B-00C04F79EFBC}") = "Lesson_12_01", "Урок №12 Керування вибором через switch-case\Lesson_12_01\Lesson_12_01.csproj", "{A40DC98F-D215-4AA9-B842-447D96DE8774}"
EndProject
Project("{FAE04EC0-301F-11D3-BF4B-00C04F79EFBC}") = "Lesson_12_02", "Урок №12 Керування вибором через switch-case\Lesson_12_02\Lesson_12_02.csproj", "{CA8552DC-CB0E-4429-AA30-08DA49D7C4EF}"
EndProject
Project("{2150E333-8FDC-42A3-9474-1A3956D46DE8}") = "Урок №8 Умовні вирази if, if-else", "Урок №8 Умовні вирази if, if-else", "{FA2FAD5D-92EC-47B2-A2A3-94F2B907D27A}"
EndProject
Project("{FAE04EC0-301F-11D3-BF4B-00C04F79EFBC}") = "Lesson_07_01", "_MyHomeWorks\Урок №7 Порівняльні оператори\Lesson_07_01\Lesson_07_01.csproj", "{0CAFBC1B-3075-40BA-9573-BF701A8B60A7}"
EndProject
Project("{FAE04EC0-301F-11D3-BF4B-00C04F79EFBC}") = "Lesson_08_01", "_MyHomeWorks\Урок №8 Умовні вирази if, if-else\Lesson_08_01\Lesson_08_01.csproj", "{D75941D3-2FD0-44F9-87BC-371FE854F598}"
EndProject
Project("{2150E333-8FDC-42A3-9474-1A3956D46DE8}") = "Урок №12 Керування вибором через switch-case.", "Урок №12 Керування вибором через switch-case.", "{6F7A2FBC-E77C-4A79-96D0-09BC133826FF}"
	ProjectSection(SolutionItems) = preProject
		_MyHomeWorks\Урок №12 Керування вибором через switch-case\Урок №12 Керування вибором через switch-case.MD = _MyHomeWorks\Урок №12 Керування вибором через switch-case\Урок №12 Керування вибором через switch-case.MD
	EndProjectSection
EndProject
Project("{FAE04EC0-301F-11D3-BF4B-00C04F79EFBC}") = "Lesson_12_01", "_MyHomeWorks\Урок №12 Керування вибором через switch-case\Lesson_12_01\Lesson_12_01.csproj", "{DDA2ACED-3F60-4737-9149-849981D71D0B}"
EndProject
Project("{FAE04EC0-301F-11D3-BF4B-00C04F79EFBC}") = "Lesson_12_02", "_MyHomeWorks\Урок №12 Керування вибором через switch-case\Lesson_12_02\Lesson_12_02.csproj", "{AB7D0085-7A95-46E0-86AF-1AEEF1564C0C}"
EndProject
Project("{FAE04EC0-301F-11D3-BF4B-00C04F79EFBC}") = "Lesson_12_03", "_MyHomeWorks\Урок №12 Керування вибором через switch-case\Lesson_12_03\Lesson_12_03.csproj", "{507C7FF6-4BF1-4E82-BBCA-005B3FC4CD23}"
EndProject
Project("{FAE04EC0-301F-11D3-BF4B-00C04F79EFBC}") = "Lesson_12_06", "_MyHomeWorks\Урок №12 Керування вибором через switch-case\Lesson_12_06\Lesson_12_06.csproj", "{9982B748-92F8-4ACE-BF79-D3DE4D730BCD}"
EndProject
Project("{FAE04EC0-301F-11D3-BF4B-00C04F79EFBC}") = "Lssson_12_09", "_MyHomeWorks\Урок №12 Керування вибором через switch-case\Lssson_12_09\Lssson_12_09.csproj", "{85566EB9-ABA0-4EEF-A84F-A79DE8332ACE}"
EndProject
Project("{FAE04EC0-301F-11D3-BF4B-00C04F79EFBC}") = "Lesson_12_04", "_MyHomeWorks\Урок №12 Керування вибором через switch-case\Lesson_12_04\Lesson_12_04.csproj", "{E108CEA7-1DB9-4493-B50E-F5941EF0E633}"
EndProject
Project("{FAE04EC0-301F-11D3-BF4B-00C04F79EFBC}") = "Lesson_12_05", "_MyHomeWorks\Урок №12 Керування вибором через switch-case\Lesson_12_05\Lesson_12_05.csproj", "{FD158987-51A4-499B-BD4B-16418D5ACEE2}"
EndProject
Project("{FAE04EC0-301F-11D3-BF4B-00C04F79EFBC}") = "Lesson_12_07", "_MyHomeWorks\Урок №12 Керування вибором через switch-case\Lesson_12_07\Lesson_12_07.csproj", "{B7BAD47A-9C43-4A3F-9DFA-30FD9BEA0A40}"
EndProject
Project("{FAE04EC0-301F-11D3-BF4B-00C04F79EFBC}") = "Lesson_12_10", "_MyHomeWorks\Урок №12 Керування вибором через switch-case\Lesson_12_10\Lesson_12_10.csproj", "{10BD7504-DF08-4205-BFF9-5B0174FA3EA9}"
EndProject
Project("{FAE04EC0-301F-11D3-BF4B-00C04F79EFBC}") = "Lesson_12_11", "_MyHomeWorks\Урок №12 Керування вибором через switch-case\Lesson_12_11\Lesson_12_11.csproj", "{EDD43571-C58D-4A97-A05F-CCB5C2E0AB06}"
EndProject
Project("{2150E333-8FDC-42A3-9474-1A3956D46DE8}") = "Урок №13 Цикли Цикл for — основи та практичне застосування", "Урок №13 Цикли Цикл for — основи та практичне застосування", "{02233A53-E8B4-47E8-9C2C-4237C516EAF6}"
EndProject
Project("{FAE04EC0-301F-11D3-BF4B-00C04F79EFBC}") = "Lesson_13_01", "Урок №13 Цикли Цикл for — основи та практичне застосування\Lesson_13_01\Lesson_13_01.csproj", "{CD72B8A9-9C1A-47B4-B6B6-FB3389064696}"
EndProject
Project("{FAE04EC0-301F-11D3-BF4B-00C04F79EFBC}") = "Lesson_13_02", "Урок №13 Цикли Цикл for — основи та практичне застосування\Lesson_13_02\Lesson_13_02.csproj", "{491A1FEF-E322-41DE-959B-71B4323FD25E}"
EndProject
Global
	GlobalSection(SolutionConfigurationPlatforms) = preSolution
		Debug|Any CPU = Debug|Any CPU
		Release|Any CPU = Release|Any CPU
	EndGlobalSection
	GlobalSection(ProjectConfigurationPlatforms) = postSolution
		{86ACA63C-6055-4450-ADFE-D68BBB16F878}.Debug|Any CPU.ActiveCfg = Debug|Any CPU
		{86ACA63C-6055-4450-ADFE-D68BBB16F878}.Debug|Any CPU.Build.0 = Debug|Any CPU
		{86ACA63C-6055-4450-ADFE-D68BBB16F878}.Release|Any CPU.ActiveCfg = Release|Any CPU
		{86ACA63C-6055-4450-ADFE-D68BBB16F878}.Release|Any CPU.Build.0 = Release|Any CPU
		{01212A4F-08BF-4776-B941-590C5DEB8F3D}.Debug|Any CPU.ActiveCfg = Debug|Any CPU
		{01212A4F-08BF-4776-B941-590C5DEB8F3D}.Debug|Any CPU.Build.0 = Debug|Any CPU
		{01212A4F-08BF-4776-B941-590C5DEB8F3D}.Release|Any CPU.ActiveCfg = Release|Any CPU
		{01212A4F-08BF-4776-B941-590C5DEB8F3D}.Release|Any CPU.Build.0 = Release|Any CPU
		{CEE0186B-D7C4-4C56-9381-0904EA69C353}.Debug|Any CPU.ActiveCfg = Debug|Any CPU
		{CEE0186B-D7C4-4C56-9381-0904EA69C353}.Debug|Any CPU.Build.0 = Debug|Any CPU
		{CEE0186B-D7C4-4C56-9381-0904EA69C353}.Release|Any CPU.ActiveCfg = Release|Any CPU
		{CEE0186B-D7C4-4C56-9381-0904EA69C353}.Release|Any CPU.Build.0 = Release|Any CPU
		{A94D4266-732F-4890-B11E-E15E531991A1}.Debug|Any CPU.ActiveCfg = Debug|Any CPU
		{A94D4266-732F-4890-B11E-E15E531991A1}.Debug|Any CPU.Build.0 = Debug|Any CPU
		{A94D4266-732F-4890-B11E-E15E531991A1}.Release|Any CPU.ActiveCfg = Release|Any CPU
		{A94D4266-732F-4890-B11E-E15E531991A1}.Release|Any CPU.Build.0 = Release|Any CPU
		{C7863330-4EDE-4B65-86B8-D3AFCF1F8ED6}.Debug|Any CPU.ActiveCfg = Debug|Any CPU
		{C7863330-4EDE-4B65-86B8-D3AFCF1F8ED6}.Debug|Any CPU.Build.0 = Debug|Any CPU
		{C7863330-4EDE-4B65-86B8-D3AFCF1F8ED6}.Release|Any CPU.ActiveCfg = Release|Any CPU
		{C7863330-4EDE-4B65-86B8-D3AFCF1F8ED6}.Release|Any CPU.Build.0 = Release|Any CPU
		{DF70DE23-6DD9-45AC-AEA0-71E3368A6ED6}.Debug|Any CPU.ActiveCfg = Debug|Any CPU
		{DF70DE23-6DD9-45AC-AEA0-71E3368A6ED6}.Debug|Any CPU.Build.0 = Debug|Any CPU
		{DF70DE23-6DD9-45AC-AEA0-71E3368A6ED6}.Release|Any CPU.ActiveCfg = Release|Any CPU
		{DF70DE23-6DD9-45AC-AEA0-71E3368A6ED6}.Release|Any CPU.Build.0 = Release|Any CPU
		{61A660C1-D90D-4E16-AC13-479FE4ECDD73}.Debug|Any CPU.ActiveCfg = Debug|Any CPU
		{61A660C1-D90D-4E16-AC13-479FE4ECDD73}.Debug|Any CPU.Build.0 = Debug|Any CPU
		{61A660C1-D90D-4E16-AC13-479FE4ECDD73}.Release|Any CPU.ActiveCfg = Release|Any CPU
		{61A660C1-D90D-4E16-AC13-479FE4ECDD73}.Release|Any CPU.Build.0 = Release|Any CPU
		{BAB57CA8-DC9D-47E4-B751-8377327B1DC3}.Debug|Any CPU.ActiveCfg = Debug|Any CPU
		{BAB57CA8-DC9D-47E4-B751-8377327B1DC3}.Debug|Any CPU.Build.0 = Debug|Any CPU
		{BAB57CA8-DC9D-47E4-B751-8377327B1DC3}.Release|Any CPU.ActiveCfg = Release|Any CPU
		{BAB57CA8-DC9D-47E4-B751-8377327B1DC3}.Release|Any CPU.Build.0 = Release|Any CPU
		{2A924194-52C2-4107-9DEB-6322EFE801C7}.Debug|Any CPU.ActiveCfg = Debug|Any CPU
		{2A924194-52C2-4107-9DEB-6322EFE801C7}.Debug|Any CPU.Build.0 = Debug|Any CPU
		{2A924194-52C2-4107-9DEB-6322EFE801C7}.Release|Any CPU.ActiveCfg = Release|Any CPU
		{2A924194-52C2-4107-9DEB-6322EFE801C7}.Release|Any CPU.Build.0 = Release|Any CPU
		{D3B697F7-DDE5-4CF6-A0D5-DEF8822E2110}.Debug|Any CPU.ActiveCfg = Debug|Any CPU
		{D3B697F7-DDE5-4CF6-A0D5-DEF8822E2110}.Debug|Any CPU.Build.0 = Debug|Any CPU
		{D3B697F7-DDE5-4CF6-A0D5-DEF8822E2110}.Release|Any CPU.ActiveCfg = Release|Any CPU
		{D3B697F7-DDE5-4CF6-A0D5-DEF8822E2110}.Release|Any CPU.Build.0 = Release|Any CPU
		{A595329A-D1DD-4AED-B4C3-B81EF93E0017}.Debug|Any CPU.ActiveCfg = Debug|Any CPU
		{A595329A-D1DD-4AED-B4C3-B81EF93E0017}.Debug|Any CPU.Build.0 = Debug|Any CPU
		{A595329A-D1DD-4AED-B4C3-B81EF93E0017}.Release|Any CPU.ActiveCfg = Release|Any CPU
		{A595329A-D1DD-4AED-B4C3-B81EF93E0017}.Release|Any CPU.Build.0 = Release|Any CPU
		{A40DC98F-D215-4AA9-B842-447D96DE8774}.Debug|Any CPU.ActiveCfg = Debug|Any CPU
		{A40DC98F-D215-4AA9-B842-447D96DE8774}.Debug|Any CPU.Build.0 = Debug|Any CPU
		{A40DC98F-D215-4AA9-B842-447D96DE8774}.Release|Any CPU.ActiveCfg = Release|Any CPU
		{A40DC98F-D215-4AA9-B842-447D96DE8774}.Release|Any CPU.Build.0 = Release|Any CPU
		{CA8552DC-CB0E-4429-AA30-08DA49D7C4EF}.Debug|Any CPU.ActiveCfg = Debug|Any CPU
		{CA8552DC-CB0E-4429-AA30-08DA49D7C4EF}.Debug|Any CPU.Build.0 = Debug|Any CPU
		{CA8552DC-CB0E-4429-AA30-08DA49D7C4EF}.Release|Any CPU.ActiveCfg = Release|Any CPU
		{CA8552DC-CB0E-4429-AA30-08DA49D7C4EF}.Release|Any CPU.Build.0 = Release|Any CPU
		{0CAFBC1B-3075-40BA-9573-BF701A8B60A7}.Debug|Any CPU.ActiveCfg = Debug|Any CPU
		{0CAFBC1B-3075-40BA-9573-BF701A8B60A7}.Debug|Any CPU.Build.0 = Debug|Any CPU
		{0CAFBC1B-3075-40BA-9573-BF701A8B60A7}.Release|Any CPU.ActiveCfg = Release|Any CPU
		{0CAFBC1B-3075-40BA-9573-BF701A8B60A7}.Release|Any CPU.Build.0 = Release|Any CPU
		{D75941D3-2FD0-44F9-87BC-371FE854F598}.Debug|Any CPU.ActiveCfg = Debug|Any CPU
		{D75941D3-2FD0-44F9-87BC-371FE854F598}.Debug|Any CPU.Build.0 = Debug|Any CPU
		{D75941D3-2FD0-44F9-87BC-371FE854F598}.Release|Any CPU.ActiveCfg = Release|Any CPU
		{D75941D3-2FD0-44F9-87BC-371FE854F598}.Release|Any CPU.Build.0 = Release|Any CPU
		{DDA2ACED-3F60-4737-9149-849981D71D0B}.Debug|Any CPU.ActiveCfg = Debug|Any CPU
		{DDA2ACED-3F60-4737-9149-849981D71D0B}.Debug|Any CPU.Build.0 = Debug|Any CPU
		{DDA2ACED-3F60-4737-9149-849981D71D0B}.Release|Any CPU.ActiveCfg = Release|Any CPU
		{DDA2ACED-3F60-4737-9149-849981D71D0B}.Release|Any CPU.Build.0 = Release|Any CPU
		{AB7D0085-7A95-46E0-86AF-1AEEF1564C0C}.Debug|Any CPU.ActiveCfg = Debug|Any CPU
		{AB7D0085-7A95-46E0-86AF-1AEEF1564C0C}.Debug|Any CPU.Build.0 = Debug|Any CPU
		{AB7D0085-7A95-46E0-86AF-1AEEF1564C0C}.Release|Any CPU.ActiveCfg = Release|Any CPU
		{AB7D0085-7A95-46E0-86AF-1AEEF1564C0C}.Release|Any CPU.Build.0 = Release|Any CPU
		{507C7FF6-4BF1-4E82-BBCA-005B3FC4CD23}.Debug|Any CPU.ActiveCfg = Debug|Any CPU
		{507C7FF6-4BF1-4E82-BBCA-005B3FC4CD23}.Debug|Any CPU.Build.0 = Debug|Any CPU
		{507C7FF6-4BF1-4E82-BBCA-005B3FC4CD23}.Release|Any CPU.ActiveCfg = Release|Any CPU
		{507C7FF6-4BF1-4E82-BBCA-005B3FC4CD23}.Release|Any CPU.Build.0 = Release|Any CPU
		{9982B748-92F8-4ACE-BF79-D3DE4D730BCD}.Debug|Any CPU.ActiveCfg = Debug|Any CPU
		{9982B748-92F8-4ACE-BF79-D3DE4D730BCD}.Debug|Any CPU.Build.0 = Debug|Any CPU
		{9982B748-92F8-4ACE-BF79-D3DE4D730BCD}.Release|Any CPU.ActiveCfg = Release|Any CPU
		{9982B748-92F8-4ACE-BF79-D3DE4D730BCD}.Release|Any CPU.Build.0 = Release|Any CPU
		{85566EB9-ABA0-4EEF-A84F-A79DE8332ACE}.Debug|Any CPU.ActiveCfg = Debug|Any CPU
		{85566EB9-ABA0-4EEF-A84F-A79DE8332ACE}.Debug|Any CPU.Build.0 = Debug|Any CPU
		{85566EB9-ABA0-4EEF-A84F-A79DE8332ACE}.Release|Any CPU.ActiveCfg = Release|Any CPU
		{85566EB9-ABA0-4EEF-A84F-A79DE8332ACE}.Release|Any CPU.Build.0 = Release|Any CPU
		{E108CEA7-1DB9-4493-B50E-F5941EF0E633}.Debug|Any CPU.ActiveCfg = Debug|Any CPU
		{E108CEA7-1DB9-4493-B50E-F5941EF0E633}.Debug|Any CPU.Build.0 = Debug|Any CPU
		{E108CEA7-1DB9-4493-B50E-F5941EF0E633}.Release|Any CPU.ActiveCfg = Release|Any CPU
		{E108CEA7-1DB9-4493-B50E-F5941EF0E633}.Release|Any CPU.Build.0 = Release|Any CPU
		{FD158987-51A4-499B-BD4B-16418D5ACEE2}.Debug|Any CPU.ActiveCfg = Debug|Any CPU
		{FD158987-51A4-499B-BD4B-16418D5ACEE2}.Debug|Any CPU.Build.0 = Debug|Any CPU
		{FD158987-51A4-499B-BD4B-16418D5ACEE2}.Release|Any CPU.ActiveCfg = Release|Any CPU
		{FD158987-51A4-499B-BD4B-16418D5ACEE2}.Release|Any CPU.Build.0 = Release|Any CPU
		{B7BAD47A-9C43-4A3F-9DFA-30FD9BEA0A40}.Debug|Any CPU.ActiveCfg = Debug|Any CPU
		{B7BAD47A-9C43-4A3F-9DFA-30FD9BEA0A40}.Debug|Any CPU.Build.0 = Debug|Any CPU
		{B7BAD47A-9C43-4A3F-9DFA-30FD9BEA0A40}.Release|Any CPU.ActiveCfg = Release|Any CPU
		{B7BAD47A-9C43-4A3F-9DFA-30FD9BEA0A40}.Release|Any CPU.Build.0 = Release|Any CPU
		{10BD7504-DF08-4205-BFF9-5B0174FA3EA9}.Debug|Any CPU.ActiveCfg = Debug|Any CPU
		{10BD7504-DF08-4205-BFF9-5B0174FA3EA9}.Debug|Any CPU.Build.0 = Debug|Any CPU
		{10BD7504-DF08-4205-BFF9-5B0174FA3EA9}.Release|Any CPU.ActiveCfg = Release|Any CPU
		{10BD7504-DF08-4205-BFF9-5B0174FA3EA9}.Release|Any CPU.Build.0 = Release|Any CPU
		{EDD43571-C58D-4A97-A05F-CCB5C2E0AB06}.Debug|Any CPU.ActiveCfg = Debug|Any CPU
		{EDD43571-C58D-4A97-A05F-CCB5C2E0AB06}.Debug|Any CPU.Build.0 = Debug|Any CPU
		{EDD43571-C58D-4A97-A05F-CCB5C2E0AB06}.Release|Any CPU.ActiveCfg = Release|Any CPU
		{EDD43571-C58D-4A97-A05F-CCB5C2E0AB06}.Release|Any CPU.Build.0 = Release|Any CPU
		{CD72B8A9-9C1A-47B4-B6B6-FB3389064696}.Debug|Any CPU.ActiveCfg = Debug|Any CPU
		{CD72B8A9-9C1A-47B4-B6B6-FB3389064696}.Debug|Any CPU.Build.0 = Debug|Any CPU
		{CD72B8A9-9C1A-47B4-B6B6-FB3389064696}.Release|Any CPU.ActiveCfg = Release|Any CPU
		{CD72B8A9-9C1A-47B4-B6B6-FB3389064696}.Release|Any CPU.Build.0 = Release|Any CPU
		{491A1FEF-E322-41DE-959B-71B4323FD25E}.Debug|Any CPU.ActiveCfg = Debug|Any CPU
		{491A1FEF-E322-41DE-959B-71B4323FD25E}.Debug|Any CPU.Build.0 = Debug|Any CPU
		{491A1FEF-E322-41DE-959B-71B4323FD25E}.Release|Any CPU.ActiveCfg = Release|Any CPU
		{491A1FEF-E322-41DE-959B-71B4323FD25E}.Release|Any CPU.Build.0 = Release|Any CPU
	EndGlobalSection
	GlobalSection(NestedProjects) = preSolution
		{9DB9FE1A-8B74-426B-B4A2-7B81F2C1FA07} = {B3C4DA99-7B9A-49AC-8B4B-751C2FAA2FF1}
		{D2BB4701-14FD-412B-B7D4-D6D0969A47C7} = {B3C4DA99-7B9A-49AC-8B4B-751C2FAA2FF1}
		{CEE0186B-D7C4-4C56-9381-0904EA69C353} = {9DB9FE1A-8B74-426B-B4A2-7B81F2C1FA07}
		{A94D4266-732F-4890-B11E-E15E531991A1} = {9DB9FE1A-8B74-426B-B4A2-7B81F2C1FA07}
		{C7863330-4EDE-4B65-86B8-D3AFCF1F8ED6} = {9DB9FE1A-8B74-426B-B4A2-7B81F2C1FA07}
		{DF70DE23-6DD9-45AC-AEA0-71E3368A6ED6} = {9DB9FE1A-8B74-426B-B4A2-7B81F2C1FA07}
		{61A660C1-D90D-4E16-AC13-479FE4ECDD73} = {9DB9FE1A-8B74-426B-B4A2-7B81F2C1FA07}
		{BAB57CA8-DC9D-47E4-B751-8377327B1DC3} = {9DB9FE1A-8B74-426B-B4A2-7B81F2C1FA07}
		{2A924194-52C2-4107-9DEB-6322EFE801C7} = {9DB9FE1A-8B74-426B-B4A2-7B81F2C1FA07}
		{D3B697F7-DDE5-4CF6-A0D5-DEF8822E2110} = {9DB9FE1A-8B74-426B-B4A2-7B81F2C1FA07}
		{A595329A-D1DD-4AED-B4C3-B81EF93E0017} = {9DB9FE1A-8B74-426B-B4A2-7B81F2C1FA07}
		{A40DC98F-D215-4AA9-B842-447D96DE8774} = {9CBF1B47-EDFB-4418-8FD8-AEF54EF4AE7D}
		{CA8552DC-CB0E-4429-AA30-08DA49D7C4EF} = {9CBF1B47-EDFB-4418-8FD8-AEF54EF4AE7D}
		{FA2FAD5D-92EC-47B2-A2A3-94F2B907D27A} = {B3C4DA99-7B9A-49AC-8B4B-751C2FAA2FF1}
		{0CAFBC1B-3075-40BA-9573-BF701A8B60A7} = {D2BB4701-14FD-412B-B7D4-D6D0969A47C7}
		{D75941D3-2FD0-44F9-87BC-371FE854F598} = {FA2FAD5D-92EC-47B2-A2A3-94F2B907D27A}
		{6F7A2FBC-E77C-4A79-96D0-09BC133826FF} = {B3C4DA99-7B9A-49AC-8B4B-751C2FAA2FF1}
		{DDA2ACED-3F60-4737-9149-849981D71D0B} = {6F7A2FBC-E77C-4A79-96D0-09BC133826FF}
		{AB7D0085-7A95-46E0-86AF-1AEEF1564C0C} = {6F7A2FBC-E77C-4A79-96D0-09BC133826FF}
		{507C7FF6-4BF1-4E82-BBCA-005B3FC4CD23} = {6F7A2FBC-E77C-4A79-96D0-09BC133826FF}
		{9982B748-92F8-4ACE-BF79-D3DE4D730BCD} = {6F7A2FBC-E77C-4A79-96D0-09BC133826FF}
		{85566EB9-ABA0-4EEF-A84F-A79DE8332ACE} = {6F7A2FBC-E77C-4A79-96D0-09BC133826FF}
		{E108CEA7-1DB9-4493-B50E-F5941EF0E633} = {6F7A2FBC-E77C-4A79-96D0-09BC133826FF}
		{FD158987-51A4-499B-BD4B-16418D5ACEE2} = {6F7A2FBC-E77C-4A79-96D0-09BC133826FF}
		{B7BAD47A-9C43-4A3F-9DFA-30FD9BEA0A40} = {6F7A2FBC-E77C-4A79-96D0-09BC133826FF}
		{10BD7504-DF08-4205-BFF9-5B0174FA3EA9} = {6F7A2FBC-E77C-4A79-96D0-09BC133826FF}
		{EDD43571-C58D-4A97-A05F-CCB5C2E0AB06} = {6F7A2FBC-E77C-4A79-96D0-09BC133826FF}
		{CD72B8A9-9C1A-47B4-B6B6-FB3389064696} = {02233A53-E8B4-47E8-9C2C-4237C516EAF6}
		{491A1FEF-E322-41DE-959B-71B4323FD25E} = {02233A53-E8B4-47E8-9C2C-4237C516EAF6}
	EndGlobalSection
EndGlobal
