
Microsoft Visual Studio Solution File, Format Version 12.00
Project("{FAE04EC0-301F-11D3-BF4B-00C04F79EFBC}") = "Symple", "Symple\Symple.csproj", "{86ACA63C-6055-4450-ADFE-D68BBB16F878}"
EndProject
Project("{2150E333-8FDC-42A3-9474-1A3956D46DE8}") = "_MyHomeWorks", "_MyHomeWorks", "{B3C4DA99-7B9A-49AC-8B4B-751C2FAA2FF1}"
EndProject
Project("{2150E333-8FDC-42A3-9474-1A3956D46DE8}") = "Урок 11 Програмування з конструкцією switch", "Урок 11 Програмування з конструкцією switch", "{9DB9FE1A-8B74-426B-B4A2-7B81F2C1FA07}"
EndProject
Project("{2150E333-8FDC-42A3-9474-1A3956D46DE8}") = "Урок 12 Керування вибором через switch-case", "Урок 12 Керування вибором через switch-case", "{9CBF1B47-EDFB-4418-8FD8-AEF54EF4AE7D}"
EndProject
Project("{FAE04EC0-301F-11D3-BF4B-00C04F79EFBC}") = "RandomStudent", "RandomStudent\RandomStudent.csproj", "{01212A4F-08BF-4776-B941-590C5DEB8F3D}"
EndProject
Project("{2150E333-8FDC-42A3-9474-1A3956D46DE8}") = "Урок 07 Порівняльні оператори.", "Урок 07 Порівняльні оператори.", "{D2BB4701-14FD-412B-B7D4-D6D0969A47C7}"
	ProjectSection(SolutionItems) = preProject
		_MyHomeWorks\Урок №7 Порівняльні оператори\Урок №7 Порівняльні оператори.MD = _MyHomeWorks\Урок №7 Порівняльні оператори\Урок №7 Порівняльні оператори.MD
	EndProjectSection
EndProject
Project("{2150E333-8FDC-42A3-9474-1A3956D46DE8}") = "Урок 08 Умовні вирази if if-else", "Урок 08 Умовні вирази if if-else", "{FA2FAD5D-92EC-47B2-A2A3-94F2B907D27A}"
EndProject
Project("{FAE04EC0-301F-11D3-BF4B-00C04F79EFBC}") = "Lesson_07_01", "_MyHomeWorks\Урок №7 Порівняльні оператори\Lesson_07_01\Lesson_07_01.csproj", "{0CAFBC1B-3075-40BA-9573-BF701A8B60A7}"
EndProject
Project("{2150E333-8FDC-42A3-9474-1A3956D46DE8}") = "Урок 12 Керування вибором через switch-case", "Урок 12 Керування вибором через switch-case", "{6F7A2FBC-E77C-4A79-96D0-09BC133826FF}"
EndProject
Project("{2150E333-8FDC-42A3-9474-1A3956D46DE8}") = "Урок 13 Цикли Цикл for основи та практичне застосування", "Урок 13 Цикли Цикл for основи та практичне застосування", "{02233A53-E8B4-47E8-9C2C-4237C516EAF6}"
EndProject
Project("{FAE04EC0-301F-11D3-BF4B-00C04F79EFBC}") = "HomeWorkCheck", "HomeWorkCheck\HomeWorkCheck.csproj", "{06FA1448-7DD9-4756-AE5C-1C3515334DF6}"
EndProject
Project("{2150E333-8FDC-42A3-9474-1A3956D46DE8}") = "Урок №4 Арифметика та форматування виводу", "Урок №4 Арифметика та форматування виводу", "{B0C6ECE9-1377-48D3-85A7-4703BBE1B560}"
	ProjectSection(SolutionItems) = preProject
		_MyHomeWorks\Урок №4 Арифметика та форматування виводу\Урок №4 Арифметика та форматування виводу.MD = _MyHomeWorks\Урок №4 Арифметика та форматування виводу\Урок №4 Арифметика та форматування виводу.MD
	EndProjectSection
EndProject
Project("{FAE04EC0-301F-11D3-BF4B-00C04F79EFBC}") = "Lesson_04_01", "_MyHomeWorks\Урок №4 Арифметика та форматування виводу\Lesson_04_01\Lesson_04_01.csproj", "{71B19FE5-1258-49B6-81DA-8824931F7DD3}"
EndProject
Project("{FAE04EC0-301F-11D3-BF4B-00C04F79EFBC}") = "Lesson_04_02", "_MyHomeWorks\Урок №4 Арифметика та форматування виводу\Lesson_04_02\Lesson_04_02.csproj", "{B66472F4-37EF-4B65-95DB-09D40C1F7136}"
EndProject
Project("{FAE04EC0-301F-11D3-BF4B-00C04F79EFBC}") = "ConsoleClock", "ConsoleClock\ConsoleClock.csproj", "{9AED9402-FCE0-4F65-B551-2DCA2B0CE632}"
EndProject
Project("{FAE04EC0-301F-11D3-BF4B-00C04F79EFBC}") = "Lesson_11_01", "_MyHomeWorks\Урок 11 Програмування з конструкцією switch\Lesson_11_01\Lesson_11_01.csproj", "{9E227A0E-AD1B-490A-A27A-ACCA67BAD528}"
EndProject
Project("{FAE04EC0-301F-11D3-BF4B-00C04F79EFBC}") = "Lesson_11_02", "_MyHomeWorks\Урок 11 Програмування з конструкцією switch\Lesson_11_02\Lesson_11_02.csproj", "{F95E3066-68BE-4587-95B2-1C57C89D3910}"
EndProject
Project("{FAE04EC0-301F-11D3-BF4B-00C04F79EFBC}") = "Lesson_11_03", "_MyHomeWorks\Урок 11 Програмування з конструкцією switch\Lesson_11_03\Lesson_11_03.csproj", "{BB055A30-21C1-4806-A3DF-34EFEA18C99F}"
EndProject
Project("{FAE04EC0-301F-11D3-BF4B-00C04F79EFBC}") = "Lesson_11_04", "_MyHomeWorks\Урок 11 Програмування з конструкцією switch\Lesson_11_04\Lesson_11_04.csproj", "{63472031-ECEB-4358-BB61-E2DEB97A9CC0}"
EndProject
Project("{FAE04EC0-301F-11D3-BF4B-00C04F79EFBC}") = "Lesson_11_05", "_MyHomeWorks\Урок 11 Програмування з конструкцією switch\Lesson_11_05\Lesson_11_05.csproj", "{A2AA548C-CDBE-4B92-BF9D-B33B7547AC2C}"
EndProject
Project("{FAE04EC0-301F-11D3-BF4B-00C04F79EFBC}") = "Lesson_11_06", "_MyHomeWorks\Урок 11 Програмування з конструкцією switch\Lesson_11_06\Lesson_11_06.csproj", "{41359B3B-3E0A-4B3E-9FC4-BCBA439D8A4D}"
EndProject
Project("{FAE04EC0-301F-11D3-BF4B-00C04F79EFBC}") = "Lesson_11_07", "_MyHomeWorks\Урок 11 Програмування з конструкцією switch\Lesson_11_07\Lesson_11_07.csproj", "{FAB99B3D-93E1-4906-8F0C-11D5D4143E68}"
EndProject
Project("{FAE04EC0-301F-11D3-BF4B-00C04F79EFBC}") = "Lesson_11_08", "_MyHomeWorks\Урок 11 Програмування з конструкцією switch\Lesson_11_08\Lesson_11_08.csproj", "{7ECBC78E-1564-4AB2-A833-F66F925C4672}"
EndProject
Project("{FAE04EC0-301F-11D3-BF4B-00C04F79EFBC}") = "Lesson_11_09", "_MyHomeWorks\Урок 11 Програмування з конструкцією switch\Lesson_11_09\Lesson_11_09.csproj", "{F8B5FBAB-C1B5-4236-A12D-2C982C43D659}"
EndProject
Project("{FAE04EC0-301F-11D3-BF4B-00C04F79EFBC}") = "Lesson_08_01", "_MyHomeWorks\Урок 08 Умовні вирази if if-else\Lesson_08_01\Lesson_08_01.csproj", "{2CCF82B3-ECB1-4F85-81D5-87FDC52AF6F6}"
EndProject
Project("{FAE04EC0-301F-11D3-BF4B-00C04F79EFBC}") = "Lesson_08_03", "_MyHomeWorks\Урок 08 Умовні вирази if if-else\Lesson_08_03\Lesson_08_03.csproj", "{126BF3CB-4352-42F3-984B-CD95D5D46D63}"
EndProject
Project("{FAE04EC0-301F-11D3-BF4B-00C04F79EFBC}") = "Lesson_12_01", "_MyHomeWorks\Урок 12 Керування вибором через switch-case\Lesson_12_01\Lesson_12_01.csproj", "{36E25F97-97CD-41CA-8100-4AA21BC0685B}"
EndProject
Project("{FAE04EC0-301F-11D3-BF4B-00C04F79EFBC}") = "Lesson_12_02", "_MyHomeWorks\Урок 12 Керування вибором через switch-case\Lesson_12_02\Lesson_12_02.csproj", "{6A71185C-3637-4616-95E9-979628064342}"
EndProject
Project("{FAE04EC0-301F-11D3-BF4B-00C04F79EFBC}") = "Lesson_12_03", "_MyHomeWorks\Урок 12 Керування вибором через switch-case\Lesson_12_03\Lesson_12_03.csproj", "{F69872DE-9107-4128-AB85-B1A998DCCE19}"
EndProject
Project("{FAE04EC0-301F-11D3-BF4B-00C04F79EFBC}") = "Lesson_12_04", "_MyHomeWorks\Урок 12 Керування вибором через switch-case\Lesson_12_04\Lesson_12_04.csproj", "{0A21C95E-D541-45B5-9CA6-33A9F41CB3D8}"
EndProject
Project("{FAE04EC0-301F-11D3-BF4B-00C04F79EFBC}") = "Lesson_12_05", "_MyHomeWorks\Урок 12 Керування вибором через switch-case\Lesson_12_05\Lesson_12_05.csproj", "{C45758CA-A885-4871-A185-29F6CB48EC61}"
EndProject
Project("{FAE04EC0-301F-11D3-BF4B-00C04F79EFBC}") = "Lesson_12_06", "_MyHomeWorks\Урок 12 Керування вибором через switch-case\Lesson_12_06\Lesson_12_06.csproj", "{95E998B7-1E83-4572-95F4-D537E34BD402}"
EndProject
Project("{FAE04EC0-301F-11D3-BF4B-00C04F79EFBC}") = "Lesson_12_06_02", "_MyHomeWorks\Урок 12 Керування вибором через switch-case\Lesson_12_06_02\Lesson_12_06_02.csproj", "{CF5D59FF-16EE-4EAF-A658-600817BA1BF6}"
EndProject
Project("{2150E333-8FDC-42A3-9474-1A3956D46DE8}") = "Урок 14 Цикли Цикл while та do-while", "Урок 14 Цикли Цикл while та do-while", "{2D7371DB-5DF6-470B-8618-408C140260D3}"
EndProject
Project("{FAE04EC0-301F-11D3-BF4B-00C04F79EFBC}") = "Lesson_12_01", "Урок 12 Керування вибором через switch-case\Lesson_12_01\Lesson_12_01.csproj", "{B745633A-637B-4531-9453-9549F532C494}"
EndProject
Project("{FAE04EC0-301F-11D3-BF4B-00C04F79EFBC}") = "Lesson_12_02", "Урок 12 Керування вибором через switch-case\Lesson_12_02\Lesson_12_02.csproj", "{712899E9-B3C1-4144-B74A-D61532CD9EF7}"
EndProject
Project("{FAE04EC0-301F-11D3-BF4B-00C04F79EFBC}") = "Lesson_14_01", "Урок 14 Цикли Цикл while та do-while\Lesson_14_01\Lesson_14_01.csproj", "{F3D4AFA9-0502-44B5-B687-DE01CB595D6C}"
EndProject
Project("{FAE04EC0-301F-11D3-BF4B-00C04F79EFBC}") = "Lesson_13_01", "Урок 13 Цикли Цикл for основи та практичне застосування\Lesson_13_01\Lesson_13_01.csproj", "{EBC25230-3688-4808-A3AA-3EF92C06B52C}"
EndProject
Project("{FAE04EC0-301F-11D3-BF4B-00C04F79EFBC}") = "Lesson_13_02", "Урок 13 Цикли Цикл for основи та практичне застосування\Lesson_13_02\Lesson_13_02.csproj", "{270E83FB-00BB-490C-98F9-99BEFF5BAE39}"
EndProject
Project("{FAE04EC0-301F-11D3-BF4B-00C04F79EFBC}") = "Lesson_14_02", "Урок 14 Цикли Цикл while та do-while\Lesson_14_02\Lesson_14_02.csproj", "{2E3AA502-5C69-4437-9607-76E7F1BA3BF6}"
EndProject
Project("{FAE04EC0-301F-11D3-BF4B-00C04F79EFBC}") = "Lesson_14_03", "Урок 14 Цикли Цикл while та do-while\Lesson_14_03\Lesson_14_03.csproj", "{758DB5C0-89A1-4370-A128-0BFCAEC6B486}"
EndProject
Project("{FAE04EC0-301F-11D3-BF4B-00C04F79EFBC}") = "Lesson_12_07", "_MyHomeWorks\Урок 12 Керування вибором через switch-case\Lesson_12_07\Lesson_12_07.csproj", "{20FD1C08-81C1-40B4-84DF-24B407407324}"
EndProject
Project("{FAE04EC0-301F-11D3-BF4B-00C04F79EFBC}") = "Lssson_12_09", "_MyHomeWorks\Урок 12 Керування вибором через switch-case\Lssson_12_09\Lssson_12_09.csproj", "{45D4A2C0-D531-4F41-8B85-8DE7757202C8}"
EndProject
Project("{FAE04EC0-301F-11D3-BF4B-00C04F79EFBC}") = "Lesson_12_10", "_MyHomeWorks\Урок 12 Керування вибором через switch-case\Lesson_12_10\Lesson_12_10.csproj", "{25E062CC-3516-47CB-A5B6-A2E49EB0A07A}"
EndProject
Project("{FAE04EC0-301F-11D3-BF4B-00C04F79EFBC}") = "Lesson_12_11", "_MyHomeWorks\Урок 12 Керування вибором через switch-case\Lesson_12_11\Lesson_12_11.csproj", "{6459DA17-F88F-482C-8C76-4A746EFAF8D2}"
EndProject
Project("{2150E333-8FDC-42A3-9474-1A3956D46DE8}") = "Урок 15 Масиви зберігання та доступ", "Урок 15 Масиви зберігання та доступ", "{1DDDD90E-194C-48A1-BB57-4F8B5DF3FC45}"
EndProject
Project("{FAE04EC0-301F-11D3-BF4B-00C04F79EFBC}") = "Lesson_15_01", "Lesson_15_01\Lesson_15_01.csproj", "{397CCCF1-B8D2-46FB-81B2-5AEB5AEDC5E6}"
EndProject
Project("{2150E333-8FDC-42A3-9474-1A3956D46DE8}") = "Урок 16 Масиви заповнення та формування", "Урок 16 Масиви заповнення та формування", "{9C733E2C-7456-4587-A681-65F6D7E44C91}"
EndProject
Project("{FAE04EC0-301F-11D3-BF4B-00C04F79EFBC}") = "Lesson_16_01", "Урок 16 Масиви заповнення та формування\Lesson_16_01\Lesson_16_01.csproj", "{60239884-A2CD-45F5-9CE4-CF21787F7CAE}"
EndProject
Project("{FAE04EC0-301F-11D3-BF4B-00C04F79EFBC}") = "Lesson_16_02", "Урок 16 Масиви заповнення та формування\Lesson_16_02\Lesson_16_02.csproj", "{2AB79982-23E7-45B8-B547-F1D93F7A6634}"
EndProject
Global
	GlobalSection(SolutionConfigurationPlatforms) = preSolution
		Debug|Any CPU = Debug|Any CPU
		Release|Any CPU = Release|Any CPU
	EndGlobalSection
	GlobalSection(ProjectConfigurationPlatforms) = postSolution
		{86ACA63C-6055-4450-ADFE-D68BBB16F878}.Debug|Any CPU.ActiveCfg = Debug|Any CPU
		{86ACA63C-6055-4450-ADFE-D68BBB16F878}.Debug|Any CPU.Build.0 = Debug|Any CPU
		{86ACA63C-6055-4450-ADFE-D68BBB16F878}.Release|Any CPU.ActiveCfg = Release|Any CPU
		{86ACA63C-6055-4450-ADFE-D68BBB16F878}.Release|Any CPU.Build.0 = Release|Any CPU
		{01212A4F-08BF-4776-B941-590C5DEB8F3D}.Debug|Any CPU.ActiveCfg = Debug|Any CPU
		{01212A4F-08BF-4776-B941-590C5DEB8F3D}.Debug|Any CPU.Build.0 = Debug|Any CPU
		{01212A4F-08BF-4776-B941-590C5DEB8F3D}.Release|Any CPU.ActiveCfg = Release|Any CPU
		{01212A4F-08BF-4776-B941-590C5DEB8F3D}.Release|Any CPU.Build.0 = Release|Any CPU
		{0CAFBC1B-3075-40BA-9573-BF701A8B60A7}.Debug|Any CPU.ActiveCfg = Debug|Any CPU
		{0CAFBC1B-3075-40BA-9573-BF701A8B60A7}.Debug|Any CPU.Build.0 = Debug|Any CPU
		{0CAFBC1B-3075-40BA-9573-BF701A8B60A7}.Release|Any CPU.ActiveCfg = Release|Any CPU
		{0CAFBC1B-3075-40BA-9573-BF701A8B60A7}.Release|Any CPU.Build.0 = Release|Any CPU
		{06FA1448-7DD9-4756-AE5C-1C3515334DF6}.Debug|Any CPU.ActiveCfg = Debug|Any CPU
		{06FA1448-7DD9-4756-AE5C-1C3515334DF6}.Debug|Any CPU.Build.0 = Debug|Any CPU
		{06FA1448-7DD9-4756-AE5C-1C3515334DF6}.Release|Any CPU.ActiveCfg = Release|Any CPU
		{06FA1448-7DD9-4756-AE5C-1C3515334DF6}.Release|Any CPU.Build.0 = Release|Any CPU
		{71B19FE5-1258-49B6-81DA-8824931F7DD3}.Debug|Any CPU.ActiveCfg = Debug|Any CPU
		{71B19FE5-1258-49B6-81DA-8824931F7DD3}.Debug|Any CPU.Build.0 = Debug|Any CPU
		{71B19FE5-1258-49B6-81DA-8824931F7DD3}.Release|Any CPU.ActiveCfg = Release|Any CPU
		{71B19FE5-1258-49B6-81DA-8824931F7DD3}.Release|Any CPU.Build.0 = Release|Any CPU
		{B66472F4-37EF-4B65-95DB-09D40C1F7136}.Debug|Any CPU.ActiveCfg = Debug|Any CPU
		{B66472F4-37EF-4B65-95DB-09D40C1F7136}.Debug|Any CPU.Build.0 = Debug|Any CPU
		{B66472F4-37EF-4B65-95DB-09D40C1F7136}.Release|Any CPU.ActiveCfg = Release|Any CPU
		{B66472F4-37EF-4B65-95DB-09D40C1F7136}.Release|Any CPU.Build.0 = Release|Any CPU
		{9AED9402-FCE0-4F65-B551-2DCA2B0CE632}.Debug|Any CPU.ActiveCfg = Debug|Any CPU
		{9AED9402-FCE0-4F65-B551-2DCA2B0CE632}.Debug|Any CPU.Build.0 = Debug|Any CPU
		{9AED9402-FCE0-4F65-B551-2DCA2B0CE632}.Release|Any CPU.ActiveCfg = Release|Any CPU
		{9AED9402-FCE0-4F65-B551-2DCA2B0CE632}.Release|Any CPU.Build.0 = Release|Any CPU
		{9E227A0E-AD1B-490A-A27A-ACCA67BAD528}.Debug|Any CPU.ActiveCfg = Debug|Any CPU
		{9E227A0E-AD1B-490A-A27A-ACCA67BAD528}.Debug|Any CPU.Build.0 = Debug|Any CPU
		{9E227A0E-AD1B-490A-A27A-ACCA67BAD528}.Release|Any CPU.ActiveCfg = Release|Any CPU
		{9E227A0E-AD1B-490A-A27A-ACCA67BAD528}.Release|Any CPU.Build.0 = Release|Any CPU
		{F95E3066-68BE-4587-95B2-1C57C89D3910}.Debug|Any CPU.ActiveCfg = Debug|Any CPU
		{F95E3066-68BE-4587-95B2-1C57C89D3910}.Debug|Any CPU.Build.0 = Debug|Any CPU
		{F95E3066-68BE-4587-95B2-1C57C89D3910}.Release|Any CPU.ActiveCfg = Release|Any CPU
		{F95E3066-68BE-4587-95B2-1C57C89D3910}.Release|Any CPU.Build.0 = Release|Any CPU
		{BB055A30-21C1-4806-A3DF-34EFEA18C99F}.Debug|Any CPU.ActiveCfg = Debug|Any CPU
		{BB055A30-21C1-4806-A3DF-34EFEA18C99F}.Debug|Any CPU.Build.0 = Debug|Any CPU
		{BB055A30-21C1-4806-A3DF-34EFEA18C99F}.Release|Any CPU.ActiveCfg = Release|Any CPU
		{BB055A30-21C1-4806-A3DF-34EFEA18C99F}.Release|Any CPU.Build.0 = Release|Any CPU
		{63472031-ECEB-4358-BB61-E2DEB97A9CC0}.Debug|Any CPU.ActiveCfg = Debug|Any CPU
		{63472031-ECEB-4358-BB61-E2DEB97A9CC0}.Debug|Any CPU.Build.0 = Debug|Any CPU
		{63472031-ECEB-4358-BB61-E2DEB97A9CC0}.Release|Any CPU.ActiveCfg = Release|Any CPU
		{63472031-ECEB-4358-BB61-E2DEB97A9CC0}.Release|Any CPU.Build.0 = Release|Any CPU
		{A2AA548C-CDBE-4B92-BF9D-B33B7547AC2C}.Debug|Any CPU.ActiveCfg = Debug|Any CPU
		{A2AA548C-CDBE-4B92-BF9D-B33B7547AC2C}.Debug|Any CPU.Build.0 = Debug|Any CPU
		{A2AA548C-CDBE-4B92-BF9D-B33B7547AC2C}.Release|Any CPU.ActiveCfg = Release|Any CPU
		{A2AA548C-CDBE-4B92-BF9D-B33B7547AC2C}.Release|Any CPU.Build.0 = Release|Any CPU
		{41359B3B-3E0A-4B3E-9FC4-BCBA439D8A4D}.Debug|Any CPU.ActiveCfg = Debug|Any CPU
		{41359B3B-3E0A-4B3E-9FC4-BCBA439D8A4D}.Debug|Any CPU.Build.0 = Debug|Any CPU
		{41359B3B-3E0A-4B3E-9FC4-BCBA439D8A4D}.Release|Any CPU.ActiveCfg = Release|Any CPU
		{41359B3B-3E0A-4B3E-9FC4-BCBA439D8A4D}.Release|Any CPU.Build.0 = Release|Any CPU
		{FAB99B3D-93E1-4906-8F0C-11D5D4143E68}.Debug|Any CPU.ActiveCfg = Debug|Any CPU
		{FAB99B3D-93E1-4906-8F0C-11D5D4143E68}.Debug|Any CPU.Build.0 = Debug|Any CPU
		{FAB99B3D-93E1-4906-8F0C-11D5D4143E68}.Release|Any CPU.ActiveCfg = Release|Any CPU
		{FAB99B3D-93E1-4906-8F0C-11D5D4143E68}.Release|Any CPU.Build.0 = Release|Any CPU
		{7ECBC78E-1564-4AB2-A833-F66F925C4672}.Debug|Any CPU.ActiveCfg = Debug|Any CPU
		{7ECBC78E-1564-4AB2-A833-F66F925C4672}.Debug|Any CPU.Build.0 = Debug|Any CPU
		{7ECBC78E-1564-4AB2-A833-F66F925C4672}.Release|Any CPU.ActiveCfg = Release|Any CPU
		{7ECBC78E-1564-4AB2-A833-F66F925C4672}.Release|Any CPU.Build.0 = Release|Any CPU
		{F8B5FBAB-C1B5-4236-A12D-2C982C43D659}.Debug|Any CPU.ActiveCfg = Debug|Any CPU
		{F8B5FBAB-C1B5-4236-A12D-2C982C43D659}.Debug|Any CPU.Build.0 = Debug|Any CPU
		{F8B5FBAB-C1B5-4236-A12D-2C982C43D659}.Release|Any CPU.ActiveCfg = Release|Any CPU
		{F8B5FBAB-C1B5-4236-A12D-2C982C43D659}.Release|Any CPU.Build.0 = Release|Any CPU
		{2CCF82B3-ECB1-4F85-81D5-87FDC52AF6F6}.Debug|Any CPU.ActiveCfg = Debug|Any CPU
		{2CCF82B3-ECB1-4F85-81D5-87FDC52AF6F6}.Debug|Any CPU.Build.0 = Debug|Any CPU
		{2CCF82B3-ECB1-4F85-81D5-87FDC52AF6F6}.Release|Any CPU.ActiveCfg = Release|Any CPU
		{2CCF82B3-ECB1-4F85-81D5-87FDC52AF6F6}.Release|Any CPU.Build.0 = Release|Any CPU
		{126BF3CB-4352-42F3-984B-CD95D5D46D63}.Debug|Any CPU.ActiveCfg = Debug|Any CPU
		{126BF3CB-4352-42F3-984B-CD95D5D46D63}.Debug|Any CPU.Build.0 = Debug|Any CPU
		{126BF3CB-4352-42F3-984B-CD95D5D46D63}.Release|Any CPU.ActiveCfg = Release|Any CPU
		{126BF3CB-4352-42F3-984B-CD95D5D46D63}.Release|Any CPU.Build.0 = Release|Any CPU
		{36E25F97-97CD-41CA-8100-4AA21BC0685B}.Debug|Any CPU.ActiveCfg = Debug|Any CPU
		{36E25F97-97CD-41CA-8100-4AA21BC0685B}.Debug|Any CPU.Build.0 = Debug|Any CPU
		{36E25F97-97CD-41CA-8100-4AA21BC0685B}.Release|Any CPU.ActiveCfg = Release|Any CPU
		{36E25F97-97CD-41CA-8100-4AA21BC0685B}.Release|Any CPU.Build.0 = Release|Any CPU
		{6A71185C-3637-4616-95E9-979628064342}.Debug|Any CPU.ActiveCfg = Debug|Any CPU
		{6A71185C-3637-4616-95E9-979628064342}.Debug|Any CPU.Build.0 = Debug|Any CPU
		{6A71185C-3637-4616-95E9-979628064342}.Release|Any CPU.ActiveCfg = Release|Any CPU
		{6A71185C-3637-4616-95E9-979628064342}.Release|Any CPU.Build.0 = Release|Any CPU
		{F69872DE-9107-4128-AB85-B1A998DCCE19}.Debug|Any CPU.ActiveCfg = Debug|Any CPU
		{F69872DE-9107-4128-AB85-B1A998DCCE19}.Debug|Any CPU.Build.0 = Debug|Any CPU
		{F69872DE-9107-4128-AB85-B1A998DCCE19}.Release|Any CPU.ActiveCfg = Release|Any CPU
		{F69872DE-9107-4128-AB85-B1A998DCCE19}.Release|Any CPU.Build.0 = Release|Any CPU
		{0A21C95E-D541-45B5-9CA6-33A9F41CB3D8}.Debug|Any CPU.ActiveCfg = Debug|Any CPU
		{0A21C95E-D541-45B5-9CA6-33A9F41CB3D8}.Debug|Any CPU.Build.0 = Debug|Any CPU
		{0A21C95E-D541-45B5-9CA6-33A9F41CB3D8}.Release|Any CPU.ActiveCfg = Release|Any CPU
		{0A21C95E-D541-45B5-9CA6-33A9F41CB3D8}.Release|Any CPU.Build.0 = Release|Any CPU
		{C45758CA-A885-4871-A185-29F6CB48EC61}.Debug|Any CPU.ActiveCfg = Debug|Any CPU
		{C45758CA-A885-4871-A185-29F6CB48EC61}.Debug|Any CPU.Build.0 = Debug|Any CPU
		{C45758CA-A885-4871-A185-29F6CB48EC61}.Release|Any CPU.ActiveCfg = Release|Any CPU
		{C45758CA-A885-4871-A185-29F6CB48EC61}.Release|Any CPU.Build.0 = Release|Any CPU
		{95E998B7-1E83-4572-95F4-D537E34BD402}.Debug|Any CPU.ActiveCfg = Debug|Any CPU
		{95E998B7-1E83-4572-95F4-D537E34BD402}.Debug|Any CPU.Build.0 = Debug|Any CPU
		{95E998B7-1E83-4572-95F4-D537E34BD402}.Release|Any CPU.ActiveCfg = Release|Any CPU
		{95E998B7-1E83-4572-95F4-D537E34BD402}.Release|Any CPU.Build.0 = Release|Any CPU
		{CF5D59FF-16EE-4EAF-A658-600817BA1BF6}.Debug|Any CPU.ActiveCfg = Debug|Any CPU
		{CF5D59FF-16EE-4EAF-A658-600817BA1BF6}.Debug|Any CPU.Build.0 = Debug|Any CPU
		{CF5D59FF-16EE-4EAF-A658-600817BA1BF6}.Release|Any CPU.ActiveCfg = Release|Any CPU
		{CF5D59FF-16EE-4EAF-A658-600817BA1BF6}.Release|Any CPU.Build.0 = Release|Any CPU
		{B745633A-637B-4531-9453-9549F532C494}.Debug|Any CPU.ActiveCfg = Debug|Any CPU
		{B745633A-637B-4531-9453-9549F532C494}.Debug|Any CPU.Build.0 = Debug|Any CPU
		{B745633A-637B-4531-9453-9549F532C494}.Release|Any CPU.ActiveCfg = Release|Any CPU
		{B745633A-637B-4531-9453-9549F532C494}.Release|Any CPU.Build.0 = Release|Any CPU
		{712899E9-B3C1-4144-B74A-D61532CD9EF7}.Debug|Any CPU.ActiveCfg = Debug|Any CPU
		{712899E9-B3C1-4144-B74A-D61532CD9EF7}.Debug|Any CPU.Build.0 = Debug|Any CPU
		{712899E9-B3C1-4144-B74A-D61532CD9EF7}.Release|Any CPU.ActiveCfg = Release|Any CPU
		{712899E9-B3C1-4144-B74A-D61532CD9EF7}.Release|Any CPU.Build.0 = Release|Any CPU
		{F3D4AFA9-0502-44B5-B687-DE01CB595D6C}.Debug|Any CPU.ActiveCfg = Debug|Any CPU
		{F3D4AFA9-0502-44B5-B687-DE01CB595D6C}.Debug|Any CPU.Build.0 = Debug|Any CPU
		{F3D4AFA9-0502-44B5-B687-DE01CB595D6C}.Release|Any CPU.ActiveCfg = Release|Any CPU
		{F3D4AFA9-0502-44B5-B687-DE01CB595D6C}.Release|Any CPU.Build.0 = Release|Any CPU
		{EBC25230-3688-4808-A3AA-3EF92C06B52C}.Debug|Any CPU.ActiveCfg = Debug|Any CPU
		{EBC25230-3688-4808-A3AA-3EF92C06B52C}.Debug|Any CPU.Build.0 = Debug|Any CPU
		{EBC25230-3688-4808-A3AA-3EF92C06B52C}.Release|Any CPU.ActiveCfg = Release|Any CPU
		{EBC25230-3688-4808-A3AA-3EF92C06B52C}.Release|Any CPU.Build.0 = Release|Any CPU
		{270E83FB-00BB-490C-98F9-99BEFF5BAE39}.Debug|Any CPU.ActiveCfg = Debug|Any CPU
		{270E83FB-00BB-490C-98F9-99BEFF5BAE39}.Debug|Any CPU.Build.0 = Debug|Any CPU
		{270E83FB-00BB-490C-98F9-99BEFF5BAE39}.Release|Any CPU.ActiveCfg = Release|Any CPU
		{270E83FB-00BB-490C-98F9-99BEFF5BAE39}.Release|Any CPU.Build.0 = Release|Any CPU
		{2E3AA502-5C69-4437-9607-76E7F1BA3BF6}.Debug|Any CPU.ActiveCfg = Debug|Any CPU
		{2E3AA502-5C69-4437-9607-76E7F1BA3BF6}.Debug|Any CPU.Build.0 = Debug|Any CPU
		{2E3AA502-5C69-4437-9607-76E7F1BA3BF6}.Release|Any CPU.ActiveCfg = Release|Any CPU
		{2E3AA502-5C69-4437-9607-76E7F1BA3BF6}.Release|Any CPU.Build.0 = Release|Any CPU
		{758DB5C0-89A1-4370-A128-0BFCAEC6B486}.Debug|Any CPU.ActiveCfg = Debug|Any CPU
		{758DB5C0-89A1-4370-A128-0BFCAEC6B486}.Debug|Any CPU.Build.0 = Debug|Any CPU
		{758DB5C0-89A1-4370-A128-0BFCAEC6B486}.Release|Any CPU.ActiveCfg = Release|Any CPU
		{758DB5C0-89A1-4370-A128-0BFCAEC6B486}.Release|Any CPU.Build.0 = Release|Any CPU
		{20FD1C08-81C1-40B4-84DF-24B407407324}.Debug|Any CPU.ActiveCfg = Debug|Any CPU
		{20FD1C08-81C1-40B4-84DF-24B407407324}.Debug|Any CPU.Build.0 = Debug|Any CPU
		{20FD1C08-81C1-40B4-84DF-24B407407324}.Release|Any CPU.ActiveCfg = Release|Any CPU
		{20FD1C08-81C1-40B4-84DF-24B407407324}.Release|Any CPU.Build.0 = Release|Any CPU
		{45D4A2C0-D531-4F41-8B85-8DE7757202C8}.Debug|Any CPU.ActiveCfg = Debug|Any CPU
		{45D4A2C0-D531-4F41-8B85-8DE7757202C8}.Debug|Any CPU.Build.0 = Debug|Any CPU
		{45D4A2C0-D531-4F41-8B85-8DE7757202C8}.Release|Any CPU.ActiveCfg = Release|Any CPU
		{45D4A2C0-D531-4F41-8B85-8DE7757202C8}.Release|Any CPU.Build.0 = Release|Any CPU
		{25E062CC-3516-47CB-A5B6-A2E49EB0A07A}.Debug|Any CPU.ActiveCfg = Debug|Any CPU
		{25E062CC-3516-47CB-A5B6-A2E49EB0A07A}.Debug|Any CPU.Build.0 = Debug|Any CPU
		{25E062CC-3516-47CB-A5B6-A2E49EB0A07A}.Release|Any CPU.ActiveCfg = Release|Any CPU
		{25E062CC-3516-47CB-A5B6-A2E49EB0A07A}.Release|Any CPU.Build.0 = Release|Any CPU
		{6459DA17-F88F-482C-8C76-4A746EFAF8D2}.Debug|Any CPU.ActiveCfg = Debug|Any CPU
		{6459DA17-F88F-482C-8C76-4A746EFAF8D2}.Debug|Any CPU.Build.0 = Debug|Any CPU
		{6459DA17-F88F-482C-8C76-4A746EFAF8D2}.Release|Any CPU.ActiveCfg = Release|Any CPU
		{6459DA17-F88F-482C-8C76-4A746EFAF8D2}.Release|Any CPU.Build.0 = Release|Any CPU
		{397CCCF1-B8D2-46FB-81B2-5AEB5AEDC5E6}.Debug|Any CPU.ActiveCfg = Debug|Any CPU
		{397CCCF1-B8D2-46FB-81B2-5AEB5AEDC5E6}.Debug|Any CPU.Build.0 = Debug|Any CPU
		{397CCCF1-B8D2-46FB-81B2-5AEB5AEDC5E6}.Release|Any CPU.ActiveCfg = Release|Any CPU
		{397CCCF1-B8D2-46FB-81B2-5AEB5AEDC5E6}.Release|Any CPU.Build.0 = Release|Any CPU
		{60239884-A2CD-45F5-9CE4-CF21787F7CAE}.Debug|Any CPU.ActiveCfg = Debug|Any CPU
		{60239884-A2CD-45F5-9CE4-CF21787F7CAE}.Debug|Any CPU.Build.0 = Debug|Any CPU
		{60239884-A2CD-45F5-9CE4-CF21787F7CAE}.Release|Any CPU.ActiveCfg = Release|Any CPU
		{60239884-A2CD-45F5-9CE4-CF21787F7CAE}.Release|Any CPU.Build.0 = Release|Any CPU
		{2AB79982-23E7-45B8-B547-F1D93F7A6634}.Debug|Any CPU.ActiveCfg = Debug|Any CPU
		{2AB79982-23E7-45B8-B547-F1D93F7A6634}.Debug|Any CPU.Build.0 = Debug|Any CPU
		{2AB79982-23E7-45B8-B547-F1D93F7A6634}.Release|Any CPU.ActiveCfg = Release|Any CPU
		{2AB79982-23E7-45B8-B547-F1D93F7A6634}.Release|Any CPU.Build.0 = Release|Any CPU
	EndGlobalSection
	GlobalSection(NestedProjects) = preSolution
		{9DB9FE1A-8B74-426B-B4A2-7B81F2C1FA07} = {B3C4DA99-7B9A-49AC-8B4B-751C2FAA2FF1}
		{D2BB4701-14FD-412B-B7D4-D6D0969A47C7} = {B3C4DA99-7B9A-49AC-8B4B-751C2FAA2FF1}
		{FA2FAD5D-92EC-47B2-A2A3-94F2B907D27A} = {B3C4DA99-7B9A-49AC-8B4B-751C2FAA2FF1}
		{0CAFBC1B-3075-40BA-9573-BF701A8B60A7} = {D2BB4701-14FD-412B-B7D4-D6D0969A47C7}
		{6F7A2FBC-E77C-4A79-96D0-09BC133826FF} = {B3C4DA99-7B9A-49AC-8B4B-751C2FAA2FF1}
		{B0C6ECE9-1377-48D3-85A7-4703BBE1B560} = {B3C4DA99-7B9A-49AC-8B4B-751C2FAA2FF1}
		{71B19FE5-1258-49B6-81DA-8824931F7DD3} = {B0C6ECE9-1377-48D3-85A7-4703BBE1B560}
		{B66472F4-37EF-4B65-95DB-09D40C1F7136} = {B0C6ECE9-1377-48D3-85A7-4703BBE1B560}
		{9E227A0E-AD1B-490A-A27A-ACCA67BAD528} = {9DB9FE1A-8B74-426B-B4A2-7B81F2C1FA07}
		{F95E3066-68BE-4587-95B2-1C57C89D3910} = {9DB9FE1A-8B74-426B-B4A2-7B81F2C1FA07}
		{BB055A30-21C1-4806-A3DF-34EFEA18C99F} = {9DB9FE1A-8B74-426B-B4A2-7B81F2C1FA07}
		{63472031-ECEB-4358-BB61-E2DEB97A9CC0} = {9DB9FE1A-8B74-426B-B4A2-7B81F2C1FA07}
		{A2AA548C-CDBE-4B92-BF9D-B33B7547AC2C} = {9DB9FE1A-8B74-426B-B4A2-7B81F2C1FA07}
		{41359B3B-3E0A-4B3E-9FC4-BCBA439D8A4D} = {9DB9FE1A-8B74-426B-B4A2-7B81F2C1FA07}
		{FAB99B3D-93E1-4906-8F0C-11D5D4143E68} = {9DB9FE1A-8B74-426B-B4A2-7B81F2C1FA07}
		{7ECBC78E-1564-4AB2-A833-F66F925C4672} = {9DB9FE1A-8B74-426B-B4A2-7B81F2C1FA07}
		{F8B5FBAB-C1B5-4236-A12D-2C982C43D659} = {9DB9FE1A-8B74-426B-B4A2-7B81F2C1FA07}
		{2CCF82B3-ECB1-4F85-81D5-87FDC52AF6F6} = {FA2FAD5D-92EC-47B2-A2A3-94F2B907D27A}
		{126BF3CB-4352-42F3-984B-CD95D5D46D63} = {FA2FAD5D-92EC-47B2-A2A3-94F2B907D27A}
		{36E25F97-97CD-41CA-8100-4AA21BC0685B} = {6F7A2FBC-E77C-4A79-96D0-09BC133826FF}
		{6A71185C-3637-4616-95E9-979628064342} = {6F7A2FBC-E77C-4A79-96D0-09BC133826FF}
		{F69872DE-9107-4128-AB85-B1A998DCCE19} = {6F7A2FBC-E77C-4A79-96D0-09BC133826FF}
		{0A21C95E-D541-45B5-9CA6-33A9F41CB3D8} = {6F7A2FBC-E77C-4A79-96D0-09BC133826FF}
		{C45758CA-A885-4871-A185-29F6CB48EC61} = {6F7A2FBC-E77C-4A79-96D0-09BC133826FF}
		{95E998B7-1E83-4572-95F4-D537E34BD402} = {6F7A2FBC-E77C-4A79-96D0-09BC133826FF}
		{CF5D59FF-16EE-4EAF-A658-600817BA1BF6} = {6F7A2FBC-E77C-4A79-96D0-09BC133826FF}
		{B745633A-637B-4531-9453-9549F532C494} = {9CBF1B47-EDFB-4418-8FD8-AEF54EF4AE7D}
		{712899E9-B3C1-4144-B74A-D61532CD9EF7} = {9CBF1B47-EDFB-4418-8FD8-AEF54EF4AE7D}
		{F3D4AFA9-0502-44B5-B687-DE01CB595D6C} = {2D7371DB-5DF6-470B-8618-408C140260D3}
		{EBC25230-3688-4808-A3AA-3EF92C06B52C} = {02233A53-E8B4-47E8-9C2C-4237C516EAF6}
		{270E83FB-00BB-490C-98F9-99BEFF5BAE39} = {02233A53-E8B4-47E8-9C2C-4237C516EAF6}
		{2E3AA502-5C69-4437-9607-76E7F1BA3BF6} = {2D7371DB-5DF6-470B-8618-408C140260D3}
		{758DB5C0-89A1-4370-A128-0BFCAEC6B486} = {2D7371DB-5DF6-470B-8618-408C140260D3}
		{20FD1C08-81C1-40B4-84DF-24B407407324} = {6F7A2FBC-E77C-4A79-96D0-09BC133826FF}
		{45D4A2C0-D531-4F41-8B85-8DE7757202C8} = {6F7A2FBC-E77C-4A79-96D0-09BC133826FF}
		{25E062CC-3516-47CB-A5B6-A2E49EB0A07A} = {6F7A2FBC-E77C-4A79-96D0-09BC133826FF}
		{6459DA17-F88F-482C-8C76-4A746EFAF8D2} = {6F7A2FBC-E77C-4A79-96D0-09BC133826FF}
		{397CCCF1-B8D2-46FB-81B2-5AEB5AEDC5E6} = {1DDDD90E-194C-48A1-BB57-4F8B5DF3FC45}
		{60239884-A2CD-45F5-9CE4-CF21787F7CAE} = {9C733E2C-7456-4587-A681-65F6D7E44C91}
		{2AB79982-23E7-45B8-B547-F1D93F7A6634} = {9C733E2C-7456-4587-A681-65F6D7E44C91}
	EndGlobalSection
EndGlobal
