
Microsoft Visual Studio Solution File, Format Version 12.00
Project("{FAE04EC0-301F-11D3-BF4B-00C04F79EFBC}") = "Symple", "Symple\Symple.csproj", "{86ACA63C-6055-4450-ADFE-D68BBB16F878}"
EndProject
Project("{2150E333-8FDC-42A3-9474-1A3956D46DE8}") = "_MyHomeWorks", "_MyHomeWorks", "{B3C4DA99-7B9A-49AC-8B4B-751C2FAA2FF1}"
EndProject
Project("{2150E333-8FDC-42A3-9474-1A3956D46DE8}") = "Урок №11 Програмування з конструкцією switch", "Урок №11 Програмування з конструкцією switch", "{9DB9FE1A-8B74-426B-B4A2-7B81F2C1FA07}"
EndProject
Project("{2150E333-8FDC-42A3-9474-1A3956D46DE8}") = "Урок №12 Керування вибором через switch-case.", "Урок №12 Керування вибором через switch-case.", "{9CBF1B47-EDFB-4418-8FD8-AEF54EF4AE7D}"
EndProject
Project("{FAE04EC0-301F-11D3-BF4B-00C04F79EFBC}") = "RandomStudent", "RandomStudent\RandomStudent.csproj", "{01212A4F-08BF-4776-B941-590C5DEB8F3D}"
EndProject
Project("{2150E333-8FDC-42A3-9474-1A3956D46DE8}") = "Урок №7 Порівняльні оператори.", "Урок №7 Порівняльні оператори.", "{D2BB4701-14FD-412B-B7D4-D6D0969A47C7}"
EndProject
Project("{FAE04EC0-301F-11D3-BF4B-00C04F79EFBC}") = "Lesson_11_01", "_MyHomeWorks\Урок №11 Програмування з конструкцією switch\Lesson_11_01\Lesson_11_01.csproj", "{CEE0186B-D7C4-4C56-9381-0904EA69C353}"
EndProject
Project("{FAE04EC0-301F-11D3-BF4B-00C04F79EFBC}") = "Lesson_11_02", "_MyHomeWorks\Урок №11 Програмування з конструкцією switch\Lesson_11_02\Lesson_11_02.csproj", "{A94D4266-732F-4890-B11E-E15E531991A1}"
EndProject
Project("{FAE04EC0-301F-11D3-BF4B-00C04F79EFBC}") = "Lesson_11_03", "_MyHomeWorks\Урок №11 Програмування з конструкцією switch\Lesson_11_03\Lesson_11_03.csproj", "{C7863330-4EDE-4B65-86B8-D3AFCF1F8ED6}"
EndProject
Project("{FAE04EC0-301F-11D3-BF4B-00C04F79EFBC}") = "Lesson_11_04", "_MyHomeWorks\Урок №11 Програмування з конструкцією switch\Lesson_11_04\Lesson_11_04.csproj", "{DF70DE23-6DD9-45AC-AEA0-71E3368A6ED6}"
EndProject
Project("{FAE04EC0-301F-11D3-BF4B-00C04F79EFBC}") = "Lesson_11_05", "_MyHomeWorks\Урок №11 Програмування з конструкцією switch\Lesson_11_05\Lesson_11_05.csproj", "{61A660C1-D90D-4E16-AC13-479FE4ECDD73}"
EndProject
Project("{FAE04EC0-301F-11D3-BF4B-00C04F79EFBC}") = "Lesson_11_06", "_MyHomeWorks\Урок №11 Програмування з конструкцією switch\Lesson_11_06\Lesson_11_06.csproj", "{BAB57CA8-DC9D-47E4-B751-8377327B1DC3}"
EndProject
Project("{FAE04EC0-301F-11D3-BF4B-00C04F79EFBC}") = "Lesson_11_07", "_MyHomeWorks\Урок №11 Програмування з конструкцією switch\Lesson_11_07\Lesson_11_07.csproj", "{2A924194-52C2-4107-9DEB-6322EFE801C7}"
EndProject
Project("{FAE04EC0-301F-11D3-BF4B-00C04F79EFBC}") = "Lesson_11_08", "_MyHomeWorks\Урок №11 Програмування з конструкцією switch\Lesson_11_08\Lesson_11_08.csproj", "{D3B697F7-DDE5-4CF6-A0D5-DEF8822E2110}"
EndProject
Project("{FAE04EC0-301F-11D3-BF4B-00C04F79EFBC}") = "Lesson_11_09", "_MyHomeWorks\Урок №11 Програмування з конструкцією switch\Lesson_11_09\Lesson_11_09.csproj", "{A595329A-D1DD-4AED-B4C3-B81EF93E0017}"
EndProject
Project("{FAE04EC0-301F-11D3-BF4B-00C04F79EFBC}") = "Lesson_12_01", "Урок №12 Керування вибором через switch-case\Lesson_12_01\Lesson_12_01.csproj", "{A40DC98F-D215-4AA9-B842-447D96DE8774}"
EndProject
Project("{FAE04EC0-301F-11D3-BF4B-00C04F79EFBC}") = "Lesson_12_02", "Урок №12 Керування вибором через switch-case\Lesson_12_02\Lesson_12_02.csproj", "{CA8552DC-CB0E-4429-AA30-08DA49D7C4EF}"
EndProject
Project("{FAE04EC0-301F-11D3-BF4B-00C04F79EFBC}") = "Lesson_07_01", "_MyHomeWorks\Lesson_07_01\Lesson_07_01.csproj", "{6313BF05-650A-4E83-8DFA-D845BED07940}"
EndProject
Global
	GlobalSection(SolutionConfigurationPlatforms) = preSolution
		Debug|Any CPU = Debug|Any CPU
		Release|Any CPU = Release|Any CPU
	EndGlobalSection
	GlobalSection(ProjectConfigurationPlatforms) = postSolution
		{86ACA63C-6055-4450-ADFE-D68BBB16F878}.Debug|Any CPU.ActiveCfg = Debug|Any CPU
		{86ACA63C-6055-4450-ADFE-D68BBB16F878}.Debug|Any CPU.Build.0 = Debug|Any CPU
		{86ACA63C-6055-4450-ADFE-D68BBB16F878}.Release|Any CPU.ActiveCfg = Release|Any CPU
		{86ACA63C-6055-4450-ADFE-D68BBB16F878}.Release|Any CPU.Build.0 = Release|Any CPU
		{01212A4F-08BF-4776-B941-590C5DEB8F3D}.Debug|Any CPU.ActiveCfg = Debug|Any CPU
		{01212A4F-08BF-4776-B941-590C5DEB8F3D}.Debug|Any CPU.Build.0 = Debug|Any CPU
		{01212A4F-08BF-4776-B941-590C5DEB8F3D}.Release|Any CPU.ActiveCfg = Release|Any CPU
		{01212A4F-08BF-4776-B941-590C5DEB8F3D}.Release|Any CPU.Build.0 = Release|Any CPU
		{CEE0186B-D7C4-4C56-9381-0904EA69C353}.Debug|Any CPU.ActiveCfg = Debug|Any CPU
		{CEE0186B-D7C4-4C56-9381-0904EA69C353}.Debug|Any CPU.Build.0 = Debug|Any CPU
		{CEE0186B-D7C4-4C56-9381-0904EA69C353}.Release|Any CPU.ActiveCfg = Release|Any CPU
		{CEE0186B-D7C4-4C56-9381-0904EA69C353}.Release|Any CPU.Build.0 = Release|Any CPU
		{A94D4266-732F-4890-B11E-E15E531991A1}.Debug|Any CPU.ActiveCfg = Debug|Any CPU
		{A94D4266-732F-4890-B11E-E15E531991A1}.Debug|Any CPU.Build.0 = Debug|Any CPU
		{A94D4266-732F-4890-B11E-E15E531991A1}.Release|Any CPU.ActiveCfg = Release|Any CPU
		{A94D4266-732F-4890-B11E-E15E531991A1}.Release|Any CPU.Build.0 = Release|Any CPU
		{C7863330-4EDE-4B65-86B8-D3AFCF1F8ED6}.Debug|Any CPU.ActiveCfg = Debug|Any CPU
		{C7863330-4EDE-4B65-86B8-D3AFCF1F8ED6}.Debug|Any CPU.Build.0 = Debug|Any CPU
		{C7863330-4EDE-4B65-86B8-D3AFCF1F8ED6}.Release|Any CPU.ActiveCfg = Release|Any CPU
		{C7863330-4EDE-4B65-86B8-D3AFCF1F8ED6}.Release|Any CPU.Build.0 = Release|Any CPU
		{DF70DE23-6DD9-45AC-AEA0-71E3368A6ED6}.Debug|Any CPU.ActiveCfg = Debug|Any CPU
		{DF70DE23-6DD9-45AC-AEA0-71E3368A6ED6}.Debug|Any CPU.Build.0 = Debug|Any CPU
		{DF70DE23-6DD9-45AC-AEA0-71E3368A6ED6}.Release|Any CPU.ActiveCfg = Release|Any CPU
		{DF70DE23-6DD9-45AC-AEA0-71E3368A6ED6}.Release|Any CPU.Build.0 = Release|Any CPU
		{61A660C1-D90D-4E16-AC13-479FE4ECDD73}.Debug|Any CPU.ActiveCfg = Debug|Any CPU
		{61A660C1-D90D-4E16-AC13-479FE4ECDD73}.Debug|Any CPU.Build.0 = Debug|Any CPU
		{61A660C1-D90D-4E16-AC13-479FE4ECDD73}.Release|Any CPU.ActiveCfg = Release|Any CPU
		{61A660C1-D90D-4E16-AC13-479FE4ECDD73}.Release|Any CPU.Build.0 = Release|Any CPU
		{BAB57CA8-DC9D-47E4-B751-8377327B1DC3}.Debug|Any CPU.ActiveCfg = Debug|Any CPU
		{BAB57CA8-DC9D-47E4-B751-8377327B1DC3}.Debug|Any CPU.Build.0 = Debug|Any CPU
		{BAB57CA8-DC9D-47E4-B751-8377327B1DC3}.Release|Any CPU.ActiveCfg = Release|Any CPU
		{BAB57CA8-DC9D-47E4-B751-8377327B1DC3}.Release|Any CPU.Build.0 = Release|Any CPU
		{2A924194-52C2-4107-9DEB-6322EFE801C7}.Debug|Any CPU.ActiveCfg = Debug|Any CPU
		{2A924194-52C2-4107-9DEB-6322EFE801C7}.Debug|Any CPU.Build.0 = Debug|Any CPU
		{2A924194-52C2-4107-9DEB-6322EFE801C7}.Release|Any CPU.ActiveCfg = Release|Any CPU
		{2A924194-52C2-4107-9DEB-6322EFE801C7}.Release|Any CPU.Build.0 = Release|Any CPU
		{D3B697F7-DDE5-4CF6-A0D5-DEF8822E2110}.Debug|Any CPU.ActiveCfg = Debug|Any CPU
		{D3B697F7-DDE5-4CF6-A0D5-DEF8822E2110}.Debug|Any CPU.Build.0 = Debug|Any CPU
		{D3B697F7-DDE5-4CF6-A0D5-DEF8822E2110}.Release|Any CPU.ActiveCfg = Release|Any CPU
		{D3B697F7-DDE5-4CF6-A0D5-DEF8822E2110}.Release|Any CPU.Build.0 = Release|Any CPU
		{A595329A-D1DD-4AED-B4C3-B81EF93E0017}.Debug|Any CPU.ActiveCfg = Debug|Any CPU
		{A595329A-D1DD-4AED-B4C3-B81EF93E0017}.Debug|Any CPU.Build.0 = Debug|Any CPU
		{A595329A-D1DD-4AED-B4C3-B81EF93E0017}.Release|Any CPU.ActiveCfg = Release|Any CPU
		{A595329A-D1DD-4AED-B4C3-B81EF93E0017}.Release|Any CPU.Build.0 = Release|Any CPU
		{A40DC98F-D215-4AA9-B842-447D96DE8774}.Debug|Any CPU.ActiveCfg = Debug|Any CPU
		{A40DC98F-D215-4AA9-B842-447D96DE8774}.Debug|Any CPU.Build.0 = Debug|Any CPU
		{A40DC98F-D215-4AA9-B842-447D96DE8774}.Release|Any CPU.ActiveCfg = Release|Any CPU
		{A40DC98F-D215-4AA9-B842-447D96DE8774}.Release|Any CPU.Build.0 = Release|Any CPU
		{CA8552DC-CB0E-4429-AA30-08DA49D7C4EF}.Debug|Any CPU.ActiveCfg = Debug|Any CPU
		{CA8552DC-CB0E-4429-AA30-08DA49D7C4EF}.Debug|Any CPU.Build.0 = Debug|Any CPU
		{CA8552DC-CB0E-4429-AA30-08DA49D7C4EF}.Release|Any CPU.ActiveCfg = Release|Any CPU
		{CA8552DC-CB0E-4429-AA30-08DA49D7C4EF}.Release|Any CPU.Build.0 = Release|Any CPU
		{6313BF05-650A-4E83-8DFA-D845BED07940}.Debug|Any CPU.ActiveCfg = Debug|Any CPU
		{6313BF05-650A-4E83-8DFA-D845BED07940}.Debug|Any CPU.Build.0 = Debug|Any CPU
		{6313BF05-650A-4E83-8DFA-D845BED07940}.Release|Any CPU.ActiveCfg = Release|Any CPU
		{6313BF05-650A-4E83-8DFA-D845BED07940}.Release|Any CPU.Build.0 = Release|Any CPU
	EndGlobalSection
	GlobalSection(NestedProjects) = preSolution
		{9DB9FE1A-8B74-426B-B4A2-7B81F2C1FA07} = {B3C4DA99-7B9A-49AC-8B4B-751C2FAA2FF1}
		{D2BB4701-14FD-412B-B7D4-D6D0969A47C7} = {B3C4DA99-7B9A-49AC-8B4B-751C2FAA2FF1}
		{CEE0186B-D7C4-4C56-9381-0904EA69C353} = {9DB9FE1A-8B74-426B-B4A2-7B81F2C1FA07}
		{A94D4266-732F-4890-B11E-E15E531991A1} = {9DB9FE1A-8B74-426B-B4A2-7B81F2C1FA07}
		{C7863330-4EDE-4B65-86B8-D3AFCF1F8ED6} = {9DB9FE1A-8B74-426B-B4A2-7B81F2C1FA07}
		{DF70DE23-6DD9-45AC-AEA0-71E3368A6ED6} = {9DB9FE1A-8B74-426B-B4A2-7B81F2C1FA07}
		{61A660C1-D90D-4E16-AC13-479FE4ECDD73} = {9DB9FE1A-8B74-426B-B4A2-7B81F2C1FA07}
		{BAB57CA8-DC9D-47E4-B751-8377327B1DC3} = {9DB9FE1A-8B74-426B-B4A2-7B81F2C1FA07}
		{2A924194-52C2-4107-9DEB-6322EFE801C7} = {9DB9FE1A-8B74-426B-B4A2-7B81F2C1FA07}
		{D3B697F7-DDE5-4CF6-A0D5-DEF8822E2110} = {9DB9FE1A-8B74-426B-B4A2-7B81F2C1FA07}
		{A595329A-D1DD-4AED-B4C3-B81EF93E0017} = {9DB9FE1A-8B74-426B-B4A2-7B81F2C1FA07}
		{A40DC98F-D215-4AA9-B842-447D96DE8774} = {9CBF1B47-EDFB-4418-8FD8-AEF54EF4AE7D}
		{CA8552DC-CB0E-4429-AA30-08DA49D7C4EF} = {9CBF1B47-EDFB-4418-8FD8-AEF54EF4AE7D}
		{6313BF05-650A-4E83-8DFA-D845BED07940} = {D2BB4701-14FD-412B-B7D4-D6D0969A47C7}
	EndGlobalSection
EndGlobal
